
Microsoft Visual Studio Solution File, Format Version 12.00
# Visual Studio Version 17
VisualStudioVersion = 17.4.33205.214
MinimumVisualStudioVersion = 10.0.40219.1
Project("{FAE04EC0-301F-11D3-BF4B-00C04F79EFBC}") = "JCoronel_ConditionalStatements", "JCoronel_ConditionalStatements\JCoronel_ConditionalStatements.csproj", "{AD33A5D5-B86E-4F93-8A77-6B829BD986C5}"
EndProject
Global
	GlobalSection(SolutionConfigurationPlatforms) = preSolution
		Debug|Any CPU = Debug|Any CPU
		Release|Any CPU = Release|Any CPU
	EndGlobalSection
	GlobalSection(ProjectConfigurationPlatforms) = postSolution
		{AD33A5D5-B86E-4F93-8A77-6B829BD986C5}.Debug|Any CPU.ActiveCfg = Debug|Any CPU
		{AD33A5D5-B86E-4F93-8A77-6B829BD986C5}.Debug|Any CPU.Build.0 = Debug|Any CPU
		{AD33A5D5-B86E-4F93-8A77-6B829BD986C5}.Release|Any CPU.ActiveCfg = Release|Any CPU
		{AD33A5D5-B86E-4F93-8A77-6B829BD986C5}.Release|Any CPU.Build.0 = Release|Any CPU
	EndGlobalSection
	GlobalSection(SolutionProperties) = preSolution
		HideSolutionNode = FALSE
	EndGlobalSection
	GlobalSection(ExtensibilityGlobals) = postSolution
		SolutionGuid = {0D48B813-5720-4CA8-A640-F5EB7107639F}
	EndGlobalSection
EndGlobal
